// !$*UTF8*$!
{
	archiveVersion = 1;
	classes = {
	};
	objectVersion = 46;
	objects = {

/* Begin PBXBuildFile section */
		9972FD691ACC0C940029B269 /* NewDeviceViewController.swift in Sources */ = {isa = PBXBuildFile; fileRef = 9972FD681ACC0C940029B269 /* NewDeviceViewController.swift */; };
		99BF45801ACFA8AC00C407CA /* AutoDiscoveryViewController.swift in Sources */ = {isa = PBXBuildFile; fileRef = 99BF457F1ACFA8AC00C407CA /* AutoDiscoveryViewController.swift */; };
		99C0E4281AD37B1800C991E9 /* .gitignore in Resources */ = {isa = PBXBuildFile; fileRef = 99C0E3F61AD37B1700C991E9 /* .gitignore */; };
		99C0E4291AD37B1800C991E9 /* AES.swift in Sources */ = {isa = PBXBuildFile; fileRef = 99C0E3F81AD37B1700C991E9 /* AES.swift */; };
		99C0E42A1AD37B1800C991E9 /* ArrayExtension.swift in Sources */ = {isa = PBXBuildFile; fileRef = 99C0E3F91AD37B1700C991E9 /* ArrayExtension.swift */; };
		99C0E42B1AD37B1800C991E9 /* Authenticator.swift in Sources */ = {isa = PBXBuildFile; fileRef = 99C0E3FA1AD37B1700C991E9 /* Authenticator.swift */; };
		99C0E42C1AD37B1800C991E9 /* BitExtension.swift in Sources */ = {isa = PBXBuildFile; fileRef = 99C0E3FB1AD37B1700C991E9 /* BitExtension.swift */; };
		99C0E42D1AD37B1800C991E9 /* ChaCha20.swift in Sources */ = {isa = PBXBuildFile; fileRef = 99C0E3FC1AD37B1700C991E9 /* ChaCha20.swift */; };
		99C0E42E1AD37B1800C991E9 /* Cipher.swift in Sources */ = {isa = PBXBuildFile; fileRef = 99C0E3FD1AD37B1700C991E9 /* Cipher.swift */; };
		99C0E42F1AD37B1800C991E9 /* CipherBlockMode.swift in Sources */ = {isa = PBXBuildFile; fileRef = 99C0E3FE1AD37B1700C991E9 /* CipherBlockMode.swift */; };
		99C0E4301AD37B1800C991E9 /* CRC.swift in Sources */ = {isa = PBXBuildFile; fileRef = 99C0E3FF1AD37B1700C991E9 /* CRC.swift */; };
		99C0E4311AD37B1800C991E9 /* CryptoHashBase.swift in Sources */ = {isa = PBXBuildFile; fileRef = 99C0E4001AD37B1700C991E9 /* CryptoHashBase.swift */; };
		99C0E4321AD37B1800C991E9 /* Generics.swift in Sources */ = {isa = PBXBuildFile; fileRef = 99C0E4021AD37B1700C991E9 /* Generics.swift */; };
		99C0E4331AD37B1800C991E9 /* Hash.swift in Sources */ = {isa = PBXBuildFile; fileRef = 99C0E4031AD37B1700C991E9 /* Hash.swift */; };
		99C0E4341AD37B1800C991E9 /* HMAC.swift in Sources */ = {isa = PBXBuildFile; fileRef = 99C0E4041AD37B1700C991E9 /* HMAC.swift */; };
		99C0E4351AD37B1800C991E9 /* Info.plist in Resources */ = {isa = PBXBuildFile; fileRef = 99C0E4051AD37B1700C991E9 /* Info.plist */; };
		99C0E4361AD37B1800C991E9 /* IntExtension.swift in Sources */ = {isa = PBXBuildFile; fileRef = 99C0E4061AD37B1700C991E9 /* IntExtension.swift */; };
		99C0E4371AD37B1800C991E9 /* MD5.swift in Sources */ = {isa = PBXBuildFile; fileRef = 99C0E4071AD37B1700C991E9 /* MD5.swift */; };
		99C0E4381AD37B1800C991E9 /* NSDataExtension.swift in Sources */ = {isa = PBXBuildFile; fileRef = 99C0E4081AD37B1700C991E9 /* NSDataExtension.swift */; };
		99C0E4391AD37B1800C991E9 /* Operators.swift in Sources */ = {isa = PBXBuildFile; fileRef = 99C0E4091AD37B1700C991E9 /* Operators.swift */; };
		99C0E43A1AD37B1800C991E9 /* PaddingMode.swift in Sources */ = {isa = PBXBuildFile; fileRef = 99C0E40A1AD37B1700C991E9 /* PaddingMode.swift */; };
		99C0E43B1AD37B1800C991E9 /* PKCS7.swift in Sources */ = {isa = PBXBuildFile; fileRef = 99C0E40B1AD37B1800C991E9 /* PKCS7.swift */; };
		99C0E43C1AD37B1800C991E9 /* Poly1305.swift in Sources */ = {isa = PBXBuildFile; fileRef = 99C0E40E1AD37B1800C991E9 /* Poly1305.swift */; };
		99C0E43D1AD37B1800C991E9 /* SHA1.swift in Sources */ = {isa = PBXBuildFile; fileRef = 99C0E40F1AD37B1800C991E9 /* SHA1.swift */; };
		99C0E43E1AD37B1800C991E9 /* SHA2.swift in Sources */ = {isa = PBXBuildFile; fileRef = 99C0E4101AD37B1800C991E9 /* SHA2.swift */; };
		99C0E43F1AD37B1800C991E9 /* StringExtension.swift in Sources */ = {isa = PBXBuildFile; fileRef = 99C0E4111AD37B1800C991E9 /* StringExtension.swift */; };
		99C0E4401AD37B1800C991E9 /* UInt16Extension.swift in Sources */ = {isa = PBXBuildFile; fileRef = 99C0E4121AD37B1800C991E9 /* UInt16Extension.swift */; };
		99C0E4411AD37B1800C991E9 /* UInt32Extension.swift in Sources */ = {isa = PBXBuildFile; fileRef = 99C0E4131AD37B1800C991E9 /* UInt32Extension.swift */; };
		99C0E4421AD37B1800C991E9 /* UInt64Extension.swift in Sources */ = {isa = PBXBuildFile; fileRef = 99C0E4141AD37B1800C991E9 /* UInt64Extension.swift */; };
		99C0E4431AD37B1800C991E9 /* UInt8Extension.swift in Sources */ = {isa = PBXBuildFile; fileRef = 99C0E4151AD37B1800C991E9 /* UInt8Extension.swift */; };
		99C0E4441AD37B1800C991E9 /* Utils.swift in Sources */ = {isa = PBXBuildFile; fileRef = 99C0E4161AD37B1800C991E9 /* Utils.swift */; };
		99C0E4451AD37B1800C991E9 /* CryptoSwift.podspec in Resources */ = {isa = PBXBuildFile; fileRef = 99C0E4171AD37B1800C991E9 /* CryptoSwift.podspec */; };
		99C0E4461AD37B1800C991E9 /* AESTests.swift in Sources */ = {isa = PBXBuildFile; fileRef = 99C0E41C1AD37B1800C991E9 /* AESTests.swift */; };
		99C0E4471AD37B1800C991E9 /* ChaCha20Tests.swift in Sources */ = {isa = PBXBuildFile; fileRef = 99C0E41E1AD37B1800C991E9 /* ChaCha20Tests.swift */; };
		99C0E4481AD37B1800C991E9 /* ExtensionsTest.swift in Sources */ = {isa = PBXBuildFile; fileRef = 99C0E41F1AD37B1800C991E9 /* ExtensionsTest.swift */; };
		99C0E4491AD37B1800C991E9 /* HashTests.swift in Sources */ = {isa = PBXBuildFile; fileRef = 99C0E4201AD37B1800C991E9 /* HashTests.swift */; };
		99C0E44A1AD37B1800C991E9 /* Helpers.swift in Sources */ = {isa = PBXBuildFile; fileRef = 99C0E4211AD37B1800C991E9 /* Helpers.swift */; };
		99C0E44B1AD37B1800C991E9 /* HMACTests.swift in Sources */ = {isa = PBXBuildFile; fileRef = 99C0E4221AD37B1800C991E9 /* HMACTests.swift */; };
		99C0E44C1AD37B1800C991E9 /* Info.plist in Resources */ = {isa = PBXBuildFile; fileRef = 99C0E4231AD37B1800C991E9 /* Info.plist */; };
		99C0E44D1AD37B1800C991E9 /* PaddingTests.swift in Sources */ = {isa = PBXBuildFile; fileRef = 99C0E4241AD37B1800C991E9 /* PaddingTests.swift */; };
		99C0E44E1AD37B1800C991E9 /* Poly1305Tests.swift in Sources */ = {isa = PBXBuildFile; fileRef = 99C0E4251AD37B1800C991E9 /* Poly1305Tests.swift */; };
		99C0E44F1AD37B1800C991E9 /* LICENSE in Resources */ = {isa = PBXBuildFile; fileRef = 99C0E4261AD37B1800C991E9 /* LICENSE */; };
		99C0E4501AD37B1800C991E9 /* README.md in Sources */ = {isa = PBXBuildFile; fileRef = 99C0E4271AD37B1800C991E9 /* README.md */; };
		99C0E4571AD37B3C00C991E9 /* CryptoSwift.framework in Frameworks */ = {isa = PBXBuildFile; fileRef = 99C0E4541AD37B1800C991E9 /* CryptoSwift.framework */; };
		99C34A2B1AD27F010022BA5A /* DeviceInfoController.swift in Sources */ = {isa = PBXBuildFile; fileRef = 99C34A2A1AD27F010022BA5A /* DeviceInfoController.swift */; };
		CE089F1D1AC9016F00C6E5DE /* AppDelegate.swift in Sources */ = {isa = PBXBuildFile; fileRef = CE089F1C1AC9016F00C6E5DE /* AppDelegate.swift */; };
		CE089F201AC9016F00C6E5DE /* TopologyManagement.xcdatamodeld in Sources */ = {isa = PBXBuildFile; fileRef = CE089F1E1AC9016F00C6E5DE /* TopologyManagement.xcdatamodeld */; };
		CE089F251AC9016F00C6E5DE /* Main.storyboard in Resources */ = {isa = PBXBuildFile; fileRef = CE089F231AC9016F00C6E5DE /* Main.storyboard */; };
		CE089F271AC9016F00C6E5DE /* Images.xcassets in Resources */ = {isa = PBXBuildFile; fileRef = CE089F261AC9016F00C6E5DE /* Images.xcassets */; };
		CE089F2A1AC9016F00C6E5DE /* LaunchScreen.xib in Resources */ = {isa = PBXBuildFile; fileRef = CE089F281AC9016F00C6E5DE /* LaunchScreen.xib */; };
		CE089F361AC9016F00C6E5DE /* TopologyManagementTests.swift in Sources */ = {isa = PBXBuildFile; fileRef = CE089F351AC9016F00C6E5DE /* TopologyManagementTests.swift */; };
		CE089F741AC9048800C6E5DE /* configeditor.png in Resources */ = {isa = PBXBuildFile; fileRef = CE089F6A1AC9048800C6E5DE /* configeditor.png */; };
		CE089F751AC9048800C6E5DE /* configeditor@2x.png in Resources */ = {isa = PBXBuildFile; fileRef = CE089F6B1AC9048800C6E5DE /* configeditor@2x.png */; };
		CE089F7A1AC9048800C6E5DE /* topology.png in Resources */ = {isa = PBXBuildFile; fileRef = CE089F701AC9048800C6E5DE /* topology.png */; };
		CE089F7B1AC9048800C6E5DE /* topology@2x.png in Resources */ = {isa = PBXBuildFile; fileRef = CE089F711AC9048800C6E5DE /* topology@2x.png */; };
		CE089F851AC9619B00C6E5DE /* ENSideMenu.swift in Sources */ = {isa = PBXBuildFile; fileRef = CE089F831AC9619B00C6E5DE /* ENSideMenu.swift */; };
		CE089F861AC9619B00C6E5DE /* ENSideMenuNavigationController.swift in Sources */ = {isa = PBXBuildFile; fileRef = CE089F841AC9619B00C6E5DE /* ENSideMenuNavigationController.swift */; };
		CE089F891AC9632A00C6E5DE /* CanvasSideBarNavigationController.swift in Sources */ = {isa = PBXBuildFile; fileRef = CE089F881AC9632A00C6E5DE /* CanvasSideBarNavigationController.swift */; };
		CE089F8B1AC963A500C6E5DE /* CanvasSideBarTableController.swift in Sources */ = {isa = PBXBuildFile; fileRef = CE089F8A1AC963A500C6E5DE /* CanvasSideBarTableController.swift */; };
		CE089F8D1AC965B800C6E5DE /* CanvasViewController.swift in Sources */ = {isa = PBXBuildFile; fileRef = CE089F8C1AC965B800C6E5DE /* CanvasViewController.swift */; };
		CE089F8F1AC9841D00C6E5DE /* narraLogo.png in Resources */ = {isa = PBXBuildFile; fileRef = CE089F8E1AC9841D00C6E5DE /* narraLogo.png */; };
		CE089F931AC9853000C6E5DE /* menu.png in Resources */ = {isa = PBXBuildFile; fileRef = CE089F921AC9853000C6E5DE /* menu.png */; };
		CE089F991AC9AF5200C6E5DE /* CanvasNavigationPanelController.swift in Sources */ = {isa = PBXBuildFile; fileRef = CE089F981AC9AF5200C6E5DE /* CanvasNavigationPanelController.swift */; };
		CE089F9B1ACA2F5A00C6E5DE /* CanvasMainMenuController.swift in Sources */ = {isa = PBXBuildFile; fileRef = CE089F9A1ACA2F5A00C6E5DE /* CanvasMainMenuController.swift */; };
		CE4004361ACADBFB00B689EF /* topology-console.png in Resources */ = {isa = PBXBuildFile; fileRef = CE4004351ACADBFB00B689EF /* topology-console.png */; };
		CE4004381ACADC2500B689EF /* topology_sanitytest.png in Resources */ = {isa = PBXBuildFile; fileRef = CE4004371ACADC2500B689EF /* topology_sanitytest.png */; };
		CE40043A1ACADC5A00B689EF /* canvasmapping.png in Resources */ = {isa = PBXBuildFile; fileRef = CE4004391ACADC5A00B689EF /* canvasmapping.png */; };
		CE40043C1ACADC7900B689EF /* zoomdefault.png in Resources */ = {isa = PBXBuildFile; fileRef = CE40043B1ACADC7900B689EF /* zoomdefault.png */; };
		CE40043E1ACADCB700B689EF /* configname.png in Resources */ = {isa = PBXBuildFile; fileRef = CE40043D1ACADCB700B689EF /* configname.png */; };
		CE4004401ACADCCE00B689EF /* historyIcon.png in Resources */ = {isa = PBXBuildFile; fileRef = CE40043F1ACADCCE00B689EF /* historyIcon.png */; };
		CE4004541ACB8EF100B689EF /* config.png in Resources */ = {isa = PBXBuildFile; fileRef = CE4004421ACB8EF100B689EF /* config.png */; };
		CE4004551ACB8EF100B689EF /* debug.png in Resources */ = {isa = PBXBuildFile; fileRef = CE4004431ACB8EF100B689EF /* debug.png */; };
		CE4004561ACB8EF100B689EF /* delete.png in Resources */ = {isa = PBXBuildFile; fileRef = CE4004441ACB8EF100B689EF /* delete.png */; };
		CE4004571ACB8EF100B689EF /* edit.png in Resources */ = {isa = PBXBuildFile; fileRef = CE4004451ACB8EF100B689EF /* edit.png */; };
		CE4004581ACB8EF100B689EF /* editgrid.png in Resources */ = {isa = PBXBuildFile; fileRef = CE4004461ACB8EF100B689EF /* editgrid.png */; };
		CE4004591ACB8EF100B689EF /* filter.png in Resources */ = {isa = PBXBuildFile; fileRef = CE4004471ACB8EF100B689EF /* filter.png */; };
		CE40045A1ACB8EF100B689EF /* hidegrid.png in Resources */ = {isa = PBXBuildFile; fileRef = CE4004481ACB8EF100B689EF /* hidegrid.png */; };
		CE40045B1ACB8EF100B689EF /* load.png in Resources */ = {isa = PBXBuildFile; fileRef = CE4004491ACB8EF100B689EF /* load.png */; };
		CE40045C1ACB8EF100B689EF /* power.png in Resources */ = {isa = PBXBuildFile; fileRef = CE40044A1ACB8EF100B689EF /* power.png */; };
		CE40045D1ACB8EF100B689EF /* save.png in Resources */ = {isa = PBXBuildFile; fileRef = CE40044B1ACB8EF100B689EF /* save.png */; };
		CE40045E1ACB8EF100B689EF /* saveas.png in Resources */ = {isa = PBXBuildFile; fileRef = CE40044C1ACB8EF100B689EF /* saveas.png */; };
		CE40045F1ACB8EF100B689EF /* savediagram.png in Resources */ = {isa = PBXBuildFile; fileRef = CE40044D1ACB8EF100B689EF /* savediagram.png */; };
		CE4004601ACB8EF100B689EF /* saveinfo.png in Resources */ = {isa = PBXBuildFile; fileRef = CE40044E1ACB8EF100B689EF /* saveinfo.png */; };
		CE4004611ACB8EF100B689EF /* showgrid.png in Resources */ = {isa = PBXBuildFile; fileRef = CE40044F1ACB8EF100B689EF /* showgrid.png */; };
		CE4004631ACB8EF100B689EF /* timepicker_enable.png in Resources */ = {isa = PBXBuildFile; fileRef = CE4004511ACB8EF100B689EF /* timepicker_enable.png */; };
		CE4004641ACB8EF100B689EF /* tools.png in Resources */ = {isa = PBXBuildFile; fileRef = CE4004521ACB8EF100B689EF /* tools.png */; };
		CE4004651ACB8EF100B689EF /* viewoption.png in Resources */ = {isa = PBXBuildFile; fileRef = CE4004531ACB8EF100B689EF /* viewoption.png */; };
		CE4B4F531AD0DC94009A4393 /* MainMenuHeaderCell.swift in Sources */ = {isa = PBXBuildFile; fileRef = CE4B4F521AD0DC94009A4393 /* MainMenuHeaderCell.swift */; };
		CE4B4F551AD0F1B4009A4393 /* autodiscover.png in Resources */ = {isa = PBXBuildFile; fileRef = CE4B4F541AD0F1B4009A4393 /* autodiscover.png */; };
		CE4B4F571AD0F21F009A4393 /* logs.png in Resources */ = {isa = PBXBuildFile; fileRef = CE4B4F561AD0F21F009A4393 /* logs.png */; };
		CE4B4F591AD0F2C7009A4393 /* showactivity.png in Resources */ = {isa = PBXBuildFile; fileRef = CE4B4F581AD0F2C7009A4393 /* showactivity.png */; };
		CE4B4F5B1AD0F31B009A4393 /* software.png in Resources */ = {isa = PBXBuildFile; fileRef = CE4B4F5A1AD0F31B009A4393 /* software.png */; };
		CE4B4F5D1AD0F61B009A4393 /* customview.png in Resources */ = {isa = PBXBuildFile; fileRef = CE4B4F5C1AD0F61B009A4393 /* customview.png */; };
		CE4B4F5F1AD0F652009A4393 /* timepicker.png in Resources */ = {isa = PBXBuildFile; fileRef = CE4B4F5E1AD0F652009A4393 /* timepicker.png */; };
		CE4B4F631AD10A55009A4393 /* UIColor.swift in Sources */ = {isa = PBXBuildFile; fileRef = CE4B4F621AD10A55009A4393 /* UIColor.swift */; };
		CE4B4F651AD11883009A4393 /* grid.png in Resources */ = {isa = PBXBuildFile; fileRef = CE4B4F641AD11883009A4393 /* grid.png */; };
		CE4B4F681AD12BA1009A4393 /* LoginViewController.swift in Sources */ = {isa = PBXBuildFile; fileRef = CE4B4F671AD12BA1009A4393 /* LoginViewController.swift */; };
		CE4B4F6F1AD1E2F0009A4393 /* Connectivity.png in Resources */ = {isa = PBXBuildFile; fileRef = CE4B4F6A1AD1E2F0009A4393 /* Connectivity.png */; };
		CE4B4F701AD1E2F0009A4393 /* Device.png in Resources */ = {isa = PBXBuildFile; fileRef = CE4B4F6B1AD1E2F0009A4393 /* Device.png */; };
		CE4B4F711AD1E2F0009A4393 /* Server.png in Resources */ = {isa = PBXBuildFile; fileRef = CE4B4F6C1AD1E2F0009A4393 /* Server.png */; };
		CE4B4F721AD1E2F0009A4393 /* Testtool.png in Resources */ = {isa = PBXBuildFile; fileRef = CE4B4F6D1AD1E2F0009A4393 /* Testtool.png */; };
		CE4B4F731AD1E2F0009A4393 /* topologylist.png in Resources */ = {isa = PBXBuildFile; fileRef = CE4B4F6E1AD1E2F0009A4393 /* topologylist.png */; };
		CE4B4F751AD223D5009A4393 /* TableViewHelper.swift in Sources */ = {isa = PBXBuildFile; fileRef = CE4B4F741AD223D5009A4393 /* TableViewHelper.swift */; };
		CE4B4FA81AD26E86009A4393 /* SidebarCanvasDomainPicker.swift in Sources */ = {isa = PBXBuildFile; fileRef = CE4B4FA71AD26E86009A4393 /* SidebarCanvasDomainPicker.swift */; };
		CE4B4FAC1AD2AFD8009A4393 /* TM@2x.png in Resources */ = {isa = PBXBuildFile; fileRef = CE4B4FAA1AD2AFD8009A4393 /* TM@2x.png */; };
		CE4B4FAE1AD2B521009A4393 /* TM.png in Resources */ = {isa = PBXBuildFile; fileRef = CE4B4FAD1AD2B521009A4393 /* TM.png */; };
		CE4E44891ACA62FF003D4C92 /* NFAST.png in Resources */ = {isa = PBXBuildFile; fileRef = CE4E44881ACA62FF003D4C92 /* NFAST.png */; };
		CE561F071AD2CC6600B6F26A /* RM.png in Resources */ = {isa = PBXBuildFile; fileRef = CE561F051AD2CC6600B6F26A /* RM.png */; };
		CE561F081AD2CC6600B6F26A /* RM@2x.png in Resources */ = {isa = PBXBuildFile; fileRef = CE561F061AD2CC6600B6F26A /* RM@2x.png */; };
		CE561F0B1AD2CD1500B6F26A /* Statistics.png in Resources */ = {isa = PBXBuildFile; fileRef = CE561F091AD2CD1500B6F26A /* Statistics.png */; };
		CE561F0C1AD2CD1500B6F26A /* Statistics@2x.png in Resources */ = {isa = PBXBuildFile; fileRef = CE561F0A1AD2CD1500B6F26A /* Statistics@2x.png */; };
		CE561F0F1AD2CD3200B6F26A /* Administrator.png in Resources */ = {isa = PBXBuildFile; fileRef = CE561F0D1AD2CD3200B6F26A /* Administrator.png */; };
		CE561F101AD2CD3200B6F26A /* Administrator@2x.png in Resources */ = {isa = PBXBuildFile; fileRef = CE561F0E1AD2CD3200B6F26A /* Administrator@2x.png */; };
		CEA1E0471AD39217005F681C /* cancel.png in Resources */ = {isa = PBXBuildFile; fileRef = CEA1E0431AD39217005F681C /* cancel.png */; };
		CEA1E0481AD39217005F681C /* clear.png in Resources */ = {isa = PBXBuildFile; fileRef = CEA1E0441AD39217005F681C /* clear.png */; };
		CEA1E0491AD39217005F681C /* commit.png in Resources */ = {isa = PBXBuildFile; fileRef = CEA1E0451AD39217005F681C /* commit.png */; };
		CEA1E04A1AD39217005F681C /* loadactive.png in Resources */ = {isa = PBXBuildFile; fileRef = CEA1E0461AD39217005F681C /* loadactive.png */; };
/* End PBXBuildFile section */

/* Begin PBXContainerItemProxy section */
		99C0E4531AD37B1800C991E9 /* PBXContainerItemProxy */ = {
			isa = PBXContainerItemProxy;
			containerPortal = 99C0E4181AD37B1800C991E9 /* CryptoSwift.xcodeproj */;
			proxyType = 2;
			remoteGlobalIDString = 754BE45519693E190098E6F3;
			remoteInfo = CryptoSwift;
		};
		99C0E4551AD37B1800C991E9 /* PBXContainerItemProxy */ = {
			isa = PBXContainerItemProxy;
			containerPortal = 99C0E4181AD37B1800C991E9 /* CryptoSwift.xcodeproj */;
			proxyType = 2;
			remoteGlobalIDString = 754BE46019693E190098E6F3;
			remoteInfo = CryptoSwiftTests;
		};
		CE089F301AC9016F00C6E5DE /* PBXContainerItemProxy */ = {
			isa = PBXContainerItemProxy;
			containerPortal = CE089F0F1AC9016F00C6E5DE /* Project object */;
			proxyType = 1;
			remoteGlobalIDString = CE089F161AC9016F00C6E5DE;
			remoteInfo = TopologyManagement;
		};
/* End PBXContainerItemProxy section */

/* Begin PBXFileReference section */
		9972FD681ACC0C940029B269 /* NewDeviceViewController.swift */ = {isa = PBXFileReference; fileEncoding = 4; lastKnownFileType = sourcecode.swift; path = NewDeviceViewController.swift; sourceTree = "<group>"; };
		99BF457F1ACFA8AC00C407CA /* AutoDiscoveryViewController.swift */ = {isa = PBXFileReference; fileEncoding = 4; lastKnownFileType = sourcecode.swift; path = AutoDiscoveryViewController.swift; sourceTree = "<group>"; };
		99C0E3F61AD37B1700C991E9 /* .gitignore */ = {isa = PBXFileReference; fileEncoding = 4; lastKnownFileType = text; path = .gitignore; sourceTree = "<group>"; };
		99C0E3F81AD37B1700C991E9 /* AES.swift */ = {isa = PBXFileReference; fileEncoding = 4; lastKnownFileType = sourcecode.swift; path = AES.swift; sourceTree = "<group>"; };
		99C0E3F91AD37B1700C991E9 /* ArrayExtension.swift */ = {isa = PBXFileReference; fileEncoding = 4; lastKnownFileType = sourcecode.swift; path = ArrayExtension.swift; sourceTree = "<group>"; };
		99C0E3FA1AD37B1700C991E9 /* Authenticator.swift */ = {isa = PBXFileReference; fileEncoding = 4; lastKnownFileType = sourcecode.swift; path = Authenticator.swift; sourceTree = "<group>"; };
		99C0E3FB1AD37B1700C991E9 /* BitExtension.swift */ = {isa = PBXFileReference; fileEncoding = 4; lastKnownFileType = sourcecode.swift; path = BitExtension.swift; sourceTree = "<group>"; };
		99C0E3FC1AD37B1700C991E9 /* ChaCha20.swift */ = {isa = PBXFileReference; fileEncoding = 4; lastKnownFileType = sourcecode.swift; path = ChaCha20.swift; sourceTree = "<group>"; };
		99C0E3FD1AD37B1700C991E9 /* Cipher.swift */ = {isa = PBXFileReference; fileEncoding = 4; lastKnownFileType = sourcecode.swift; path = Cipher.swift; sourceTree = "<group>"; };
		99C0E3FE1AD37B1700C991E9 /* CipherBlockMode.swift */ = {isa = PBXFileReference; fileEncoding = 4; lastKnownFileType = sourcecode.swift; path = CipherBlockMode.swift; sourceTree = "<group>"; };
		99C0E3FF1AD37B1700C991E9 /* CRC.swift */ = {isa = PBXFileReference; fileEncoding = 4; lastKnownFileType = sourcecode.swift; path = CRC.swift; sourceTree = "<group>"; };
		99C0E4001AD37B1700C991E9 /* CryptoHashBase.swift */ = {isa = PBXFileReference; fileEncoding = 4; lastKnownFileType = sourcecode.swift; path = CryptoHashBase.swift; sourceTree = "<group>"; };
		99C0E4011AD37B1700C991E9 /* CryptoSwift.h */ = {isa = PBXFileReference; fileEncoding = 4; lastKnownFileType = sourcecode.c.h; path = CryptoSwift.h; sourceTree = "<group>"; };
		99C0E4021AD37B1700C991E9 /* Generics.swift */ = {isa = PBXFileReference; fileEncoding = 4; lastKnownFileType = sourcecode.swift; path = Generics.swift; sourceTree = "<group>"; };
		99C0E4031AD37B1700C991E9 /* Hash.swift */ = {isa = PBXFileReference; fileEncoding = 4; lastKnownFileType = sourcecode.swift; path = Hash.swift; sourceTree = "<group>"; };
		99C0E4041AD37B1700C991E9 /* HMAC.swift */ = {isa = PBXFileReference; fileEncoding = 4; lastKnownFileType = sourcecode.swift; path = HMAC.swift; sourceTree = "<group>"; };
		99C0E4051AD37B1700C991E9 /* Info.plist */ = {isa = PBXFileReference; fileEncoding = 4; lastKnownFileType = text.plist.xml; path = Info.plist; sourceTree = "<group>"; };
		99C0E4061AD37B1700C991E9 /* IntExtension.swift */ = {isa = PBXFileReference; fileEncoding = 4; lastKnownFileType = sourcecode.swift; path = IntExtension.swift; sourceTree = "<group>"; };
		99C0E4071AD37B1700C991E9 /* MD5.swift */ = {isa = PBXFileReference; fileEncoding = 4; lastKnownFileType = sourcecode.swift; path = MD5.swift; sourceTree = "<group>"; };
		99C0E4081AD37B1700C991E9 /* NSDataExtension.swift */ = {isa = PBXFileReference; fileEncoding = 4; lastKnownFileType = sourcecode.swift; path = NSDataExtension.swift; sourceTree = "<group>"; };
		99C0E4091AD37B1700C991E9 /* Operators.swift */ = {isa = PBXFileReference; fileEncoding = 4; lastKnownFileType = sourcecode.swift; path = Operators.swift; sourceTree = "<group>"; };
		99C0E40A1AD37B1700C991E9 /* PaddingMode.swift */ = {isa = PBXFileReference; fileEncoding = 4; lastKnownFileType = sourcecode.swift; path = PaddingMode.swift; sourceTree = "<group>"; };
		99C0E40B1AD37B1800C991E9 /* PKCS7.swift */ = {isa = PBXFileReference; fileEncoding = 4; lastKnownFileType = sourcecode.swift; path = PKCS7.swift; sourceTree = "<group>"; };
		99C0E40D1AD37B1800C991E9 /* CryptoPlayground.playground */ = {isa = PBXFileReference; lastKnownFileType = file.playground; path = CryptoPlayground.playground; sourceTree = "<group>"; };
		99C0E40E1AD37B1800C991E9 /* Poly1305.swift */ = {isa = PBXFileReference; fileEncoding = 4; lastKnownFileType = sourcecode.swift; path = Poly1305.swift; sourceTree = "<group>"; };
		99C0E40F1AD37B1800C991E9 /* SHA1.swift */ = {isa = PBXFileReference; fileEncoding = 4; lastKnownFileType = sourcecode.swift; path = SHA1.swift; sourceTree = "<group>"; };
		99C0E4101AD37B1800C991E9 /* SHA2.swift */ = {isa = PBXFileReference; fileEncoding = 4; lastKnownFileType = sourcecode.swift; path = SHA2.swift; sourceTree = "<group>"; };
		99C0E4111AD37B1800C991E9 /* StringExtension.swift */ = {isa = PBXFileReference; fileEncoding = 4; lastKnownFileType = sourcecode.swift; path = StringExtension.swift; sourceTree = "<group>"; };
		99C0E4121AD37B1800C991E9 /* UInt16Extension.swift */ = {isa = PBXFileReference; fileEncoding = 4; lastKnownFileType = sourcecode.swift; path = UInt16Extension.swift; sourceTree = "<group>"; };
		99C0E4131AD37B1800C991E9 /* UInt32Extension.swift */ = {isa = PBXFileReference; fileEncoding = 4; lastKnownFileType = sourcecode.swift; path = UInt32Extension.swift; sourceTree = "<group>"; };
		99C0E4141AD37B1800C991E9 /* UInt64Extension.swift */ = {isa = PBXFileReference; fileEncoding = 4; lastKnownFileType = sourcecode.swift; path = UInt64Extension.swift; sourceTree = "<group>"; };
		99C0E4151AD37B1800C991E9 /* UInt8Extension.swift */ = {isa = PBXFileReference; fileEncoding = 4; lastKnownFileType = sourcecode.swift; path = UInt8Extension.swift; sourceTree = "<group>"; };
		99C0E4161AD37B1800C991E9 /* Utils.swift */ = {isa = PBXFileReference; fileEncoding = 4; lastKnownFileType = sourcecode.swift; path = Utils.swift; sourceTree = "<group>"; };
		99C0E4171AD37B1800C991E9 /* CryptoSwift.podspec */ = {isa = PBXFileReference; fileEncoding = 4; lastKnownFileType = text; path = CryptoSwift.podspec; sourceTree = "<group>"; };
		99C0E4181AD37B1800C991E9 /* CryptoSwift.xcodeproj */ = {isa = PBXFileReference; lastKnownFileType = "wrapper.pb-project"; path = CryptoSwift.xcodeproj; sourceTree = "<group>"; };
		99C0E41C1AD37B1800C991E9 /* AESTests.swift */ = {isa = PBXFileReference; fileEncoding = 4; lastKnownFileType = sourcecode.swift; path = AESTests.swift; sourceTree = "<group>"; };
		99C0E41D1AD37B1800C991E9 /* Bridging.h */ = {isa = PBXFileReference; fileEncoding = 4; lastKnownFileType = sourcecode.c.h; path = Bridging.h; sourceTree = "<group>"; };
		99C0E41E1AD37B1800C991E9 /* ChaCha20Tests.swift */ = {isa = PBXFileReference; fileEncoding = 4; lastKnownFileType = sourcecode.swift; path = ChaCha20Tests.swift; sourceTree = "<group>"; };
		99C0E41F1AD37B1800C991E9 /* ExtensionsTest.swift */ = {isa = PBXFileReference; fileEncoding = 4; lastKnownFileType = sourcecode.swift; path = ExtensionsTest.swift; sourceTree = "<group>"; };
		99C0E4201AD37B1800C991E9 /* HashTests.swift */ = {isa = PBXFileReference; fileEncoding = 4; lastKnownFileType = sourcecode.swift; path = HashTests.swift; sourceTree = "<group>"; };
		99C0E4211AD37B1800C991E9 /* Helpers.swift */ = {isa = PBXFileReference; fileEncoding = 4; lastKnownFileType = sourcecode.swift; path = Helpers.swift; sourceTree = "<group>"; };
		99C0E4221AD37B1800C991E9 /* HMACTests.swift */ = {isa = PBXFileReference; fileEncoding = 4; lastKnownFileType = sourcecode.swift; path = HMACTests.swift; sourceTree = "<group>"; };
		99C0E4231AD37B1800C991E9 /* Info.plist */ = {isa = PBXFileReference; fileEncoding = 4; lastKnownFileType = text.plist.xml; path = Info.plist; sourceTree = "<group>"; };
		99C0E4241AD37B1800C991E9 /* PaddingTests.swift */ = {isa = PBXFileReference; fileEncoding = 4; lastKnownFileType = sourcecode.swift; path = PaddingTests.swift; sourceTree = "<group>"; };
		99C0E4251AD37B1800C991E9 /* Poly1305Tests.swift */ = {isa = PBXFileReference; fileEncoding = 4; lastKnownFileType = sourcecode.swift; path = Poly1305Tests.swift; sourceTree = "<group>"; };
		99C0E4261AD37B1800C991E9 /* LICENSE */ = {isa = PBXFileReference; fileEncoding = 4; lastKnownFileType = text; path = LICENSE; sourceTree = "<group>"; };
		99C0E4271AD37B1800C991E9 /* README.md */ = {isa = PBXFileReference; fileEncoding = 4; lastKnownFileType = net.daringfireball.markdown; path = README.md; sourceTree = "<group>"; };
		99C34A2A1AD27F010022BA5A /* DeviceInfoController.swift */ = {isa = PBXFileReference; fileEncoding = 4; lastKnownFileType = sourcecode.swift; path = DeviceInfoController.swift; sourceTree = "<group>"; };
		CE089F171AC9016F00C6E5DE /* TopologyManagement.app */ = {isa = PBXFileReference; explicitFileType = wrapper.application; includeInIndex = 0; path = TopologyManagement.app; sourceTree = BUILT_PRODUCTS_DIR; };
		CE089F1B1AC9016F00C6E5DE /* Info.plist */ = {isa = PBXFileReference; lastKnownFileType = text.plist.xml; path = Info.plist; sourceTree = "<group>"; };
		CE089F1C1AC9016F00C6E5DE /* AppDelegate.swift */ = {isa = PBXFileReference; lastKnownFileType = sourcecode.swift; path = AppDelegate.swift; sourceTree = "<group>"; };
		CE089F1F1AC9016F00C6E5DE /* TopologyManagement.xcdatamodel */ = {isa = PBXFileReference; lastKnownFileType = wrapper.xcdatamodel; path = TopologyManagement.xcdatamodel; sourceTree = "<group>"; };
		CE089F241AC9016F00C6E5DE /* Base */ = {isa = PBXFileReference; lastKnownFileType = file.storyboard; name = Base; path = Base.lproj/Main.storyboard; sourceTree = "<group>"; };
		CE089F261AC9016F00C6E5DE /* Images.xcassets */ = {isa = PBXFileReference; lastKnownFileType = folder.assetcatalog; path = Images.xcassets; sourceTree = "<group>"; };
		CE089F291AC9016F00C6E5DE /* Base */ = {isa = PBXFileReference; lastKnownFileType = file.xib; name = Base; path = Base.lproj/LaunchScreen.xib; sourceTree = "<group>"; };
		CE089F2F1AC9016F00C6E5DE /* TopologyManagementTests.xctest */ = {isa = PBXFileReference; explicitFileType = wrapper.cfbundle; includeInIndex = 0; path = TopologyManagementTests.xctest; sourceTree = BUILT_PRODUCTS_DIR; };
		CE089F341AC9016F00C6E5DE /* Info.plist */ = {isa = PBXFileReference; lastKnownFileType = text.plist.xml; path = Info.plist; sourceTree = "<group>"; };
		CE089F351AC9016F00C6E5DE /* TopologyManagementTests.swift */ = {isa = PBXFileReference; lastKnownFileType = sourcecode.swift; path = TopologyManagementTests.swift; sourceTree = "<group>"; };
		CE089F6A1AC9048800C6E5DE /* configeditor.png */ = {isa = PBXFileReference; lastKnownFileType = image.png; path = configeditor.png; sourceTree = "<group>"; };
		CE089F6B1AC9048800C6E5DE /* configeditor@2x.png */ = {isa = PBXFileReference; lastKnownFileType = image.png; path = "configeditor@2x.png"; sourceTree = "<group>"; };
		CE089F701AC9048800C6E5DE /* topology.png */ = {isa = PBXFileReference; lastKnownFileType = image.png; path = topology.png; sourceTree = "<group>"; };
		CE089F711AC9048800C6E5DE /* topology@2x.png */ = {isa = PBXFileReference; lastKnownFileType = image.png; path = "topology@2x.png"; sourceTree = "<group>"; };
		CE089F831AC9619B00C6E5DE /* ENSideMenu.swift */ = {isa = PBXFileReference; fileEncoding = 4; lastKnownFileType = sourcecode.swift; path = ENSideMenu.swift; sourceTree = "<group>"; };
		CE089F841AC9619B00C6E5DE /* ENSideMenuNavigationController.swift */ = {isa = PBXFileReference; fileEncoding = 4; lastKnownFileType = sourcecode.swift; path = ENSideMenuNavigationController.swift; sourceTree = "<group>"; };
		CE089F881AC9632A00C6E5DE /* CanvasSideBarNavigationController.swift */ = {isa = PBXFileReference; fileEncoding = 4; lastKnownFileType = sourcecode.swift; path = CanvasSideBarNavigationController.swift; sourceTree = "<group>"; };
		CE089F8A1AC963A500C6E5DE /* CanvasSideBarTableController.swift */ = {isa = PBXFileReference; fileEncoding = 4; lastKnownFileType = sourcecode.swift; path = CanvasSideBarTableController.swift; sourceTree = "<group>"; };
		CE089F8C1AC965B800C6E5DE /* CanvasViewController.swift */ = {isa = PBXFileReference; fileEncoding = 4; lastKnownFileType = sourcecode.swift; path = CanvasViewController.swift; sourceTree = "<group>"; };
		CE089F8E1AC9841D00C6E5DE /* narraLogo.png */ = {isa = PBXFileReference; lastKnownFileType = image.png; path = narraLogo.png; sourceTree = "<group>"; };
		CE089F921AC9853000C6E5DE /* menu.png */ = {isa = PBXFileReference; lastKnownFileType = image.png; path = menu.png; sourceTree = "<group>"; };
		CE089F981AC9AF5200C6E5DE /* CanvasNavigationPanelController.swift */ = {isa = PBXFileReference; fileEncoding = 4; lastKnownFileType = sourcecode.swift; path = CanvasNavigationPanelController.swift; sourceTree = "<group>"; };
		CE089F9A1ACA2F5A00C6E5DE /* CanvasMainMenuController.swift */ = {isa = PBXFileReference; fileEncoding = 4; lastKnownFileType = sourcecode.swift; path = CanvasMainMenuController.swift; sourceTree = "<group>"; };
		CE4004351ACADBFB00B689EF /* topology-console.png */ = {isa = PBXFileReference; lastKnownFileType = image.png; path = "topology-console.png"; sourceTree = "<group>"; };
		CE4004371ACADC2500B689EF /* topology_sanitytest.png */ = {isa = PBXFileReference; lastKnownFileType = image.png; path = topology_sanitytest.png; sourceTree = "<group>"; };
		CE4004391ACADC5A00B689EF /* canvasmapping.png */ = {isa = PBXFileReference; lastKnownFileType = image.png; path = canvasmapping.png; sourceTree = "<group>"; };
		CE40043B1ACADC7900B689EF /* zoomdefault.png */ = {isa = PBXFileReference; lastKnownFileType = image.png; path = zoomdefault.png; sourceTree = "<group>"; };
		CE40043D1ACADCB700B689EF /* configname.png */ = {isa = PBXFileReference; lastKnownFileType = image.png; path = configname.png; sourceTree = "<group>"; };
		CE40043F1ACADCCE00B689EF /* historyIcon.png */ = {isa = PBXFileReference; lastKnownFileType = image.png; path = historyIcon.png; sourceTree = "<group>"; };
		CE4004421ACB8EF100B689EF /* config.png */ = {isa = PBXFileReference; lastKnownFileType = image.png; path = config.png; sourceTree = "<group>"; };
		CE4004431ACB8EF100B689EF /* debug.png */ = {isa = PBXFileReference; lastKnownFileType = image.png; path = debug.png; sourceTree = "<group>"; };
		CE4004441ACB8EF100B689EF /* delete.png */ = {isa = PBXFileReference; lastKnownFileType = image.png; path = delete.png; sourceTree = "<group>"; };
		CE4004451ACB8EF100B689EF /* edit.png */ = {isa = PBXFileReference; lastKnownFileType = image.png; path = edit.png; sourceTree = "<group>"; };
		CE4004461ACB8EF100B689EF /* editgrid.png */ = {isa = PBXFileReference; lastKnownFileType = image.png; path = editgrid.png; sourceTree = "<group>"; };
		CE4004471ACB8EF100B689EF /* filter.png */ = {isa = PBXFileReference; lastKnownFileType = image.png; path = filter.png; sourceTree = "<group>"; };
		CE4004481ACB8EF100B689EF /* hidegrid.png */ = {isa = PBXFileReference; lastKnownFileType = image.png; path = hidegrid.png; sourceTree = "<group>"; };
		CE4004491ACB8EF100B689EF /* load.png */ = {isa = PBXFileReference; lastKnownFileType = image.png; path = load.png; sourceTree = "<group>"; };
		CE40044A1ACB8EF100B689EF /* power.png */ = {isa = PBXFileReference; lastKnownFileType = image.png; path = power.png; sourceTree = "<group>"; };
		CE40044B1ACB8EF100B689EF /* save.png */ = {isa = PBXFileReference; lastKnownFileType = image.png; path = save.png; sourceTree = "<group>"; };
		CE40044C1ACB8EF100B689EF /* saveas.png */ = {isa = PBXFileReference; lastKnownFileType = image.png; path = saveas.png; sourceTree = "<group>"; };
		CE40044D1ACB8EF100B689EF /* savediagram.png */ = {isa = PBXFileReference; lastKnownFileType = image.png; path = savediagram.png; sourceTree = "<group>"; };
		CE40044E1ACB8EF100B689EF /* saveinfo.png */ = {isa = PBXFileReference; lastKnownFileType = image.png; path = saveinfo.png; sourceTree = "<group>"; };
		CE40044F1ACB8EF100B689EF /* showgrid.png */ = {isa = PBXFileReference; lastKnownFileType = image.png; path = showgrid.png; sourceTree = "<group>"; };
		CE4004511ACB8EF100B689EF /* timepicker_enable.png */ = {isa = PBXFileReference; lastKnownFileType = image.png; path = timepicker_enable.png; sourceTree = "<group>"; };
		CE4004521ACB8EF100B689EF /* tools.png */ = {isa = PBXFileReference; lastKnownFileType = image.png; path = tools.png; sourceTree = "<group>"; };
		CE4004531ACB8EF100B689EF /* viewoption.png */ = {isa = PBXFileReference; lastKnownFileType = image.png; path = viewoption.png; sourceTree = "<group>"; };
		CE4B4F521AD0DC94009A4393 /* MainMenuHeaderCell.swift */ = {isa = PBXFileReference; fileEncoding = 4; lastKnownFileType = sourcecode.swift; path = MainMenuHeaderCell.swift; sourceTree = "<group>"; };
		CE4B4F541AD0F1B4009A4393 /* autodiscover.png */ = {isa = PBXFileReference; lastKnownFileType = image.png; path = autodiscover.png; sourceTree = "<group>"; };
		CE4B4F561AD0F21F009A4393 /* logs.png */ = {isa = PBXFileReference; lastKnownFileType = image.png; path = logs.png; sourceTree = "<group>"; };
		CE4B4F581AD0F2C7009A4393 /* showactivity.png */ = {isa = PBXFileReference; lastKnownFileType = image.png; path = showactivity.png; sourceTree = "<group>"; };
		CE4B4F5A1AD0F31B009A4393 /* software.png */ = {isa = PBXFileReference; lastKnownFileType = image.png; path = software.png; sourceTree = "<group>"; };
		CE4B4F5C1AD0F61B009A4393 /* customview.png */ = {isa = PBXFileReference; lastKnownFileType = image.png; path = customview.png; sourceTree = "<group>"; };
		CE4B4F5E1AD0F652009A4393 /* timepicker.png */ = {isa = PBXFileReference; lastKnownFileType = image.png; path = timepicker.png; sourceTree = "<group>"; };
		CE4B4F621AD10A55009A4393 /* UIColor.swift */ = {isa = PBXFileReference; fileEncoding = 4; lastKnownFileType = sourcecode.swift; path = UIColor.swift; sourceTree = "<group>"; };
		CE4B4F641AD11883009A4393 /* grid.png */ = {isa = PBXFileReference; lastKnownFileType = image.png; path = grid.png; sourceTree = "<group>"; };
		CE4B4F671AD12BA1009A4393 /* LoginViewController.swift */ = {isa = PBXFileReference; fileEncoding = 4; lastKnownFileType = sourcecode.swift; path = LoginViewController.swift; sourceTree = "<group>"; };
		CE4B4F6A1AD1E2F0009A4393 /* Connectivity.png */ = {isa = PBXFileReference; lastKnownFileType = image.png; path = Connectivity.png; sourceTree = "<group>"; };
		CE4B4F6B1AD1E2F0009A4393 /* Device.png */ = {isa = PBXFileReference; lastKnownFileType = image.png; path = Device.png; sourceTree = "<group>"; };
		CE4B4F6C1AD1E2F0009A4393 /* Server.png */ = {isa = PBXFileReference; lastKnownFileType = image.png; path = Server.png; sourceTree = "<group>"; };
		CE4B4F6D1AD1E2F0009A4393 /* Testtool.png */ = {isa = PBXFileReference; lastKnownFileType = image.png; path = Testtool.png; sourceTree = "<group>"; };
		CE4B4F6E1AD1E2F0009A4393 /* topologylist.png */ = {isa = PBXFileReference; lastKnownFileType = image.png; path = topologylist.png; sourceTree = "<group>"; };
		CE4B4F741AD223D5009A4393 /* TableViewHelper.swift */ = {isa = PBXFileReference; fileEncoding = 4; lastKnownFileType = sourcecode.swift; path = TableViewHelper.swift; sourceTree = "<group>"; };
		CE4B4FA71AD26E86009A4393 /* SidebarCanvasDomainPicker.swift */ = {isa = PBXFileReference; fileEncoding = 4; lastKnownFileType = sourcecode.swift; path = SidebarCanvasDomainPicker.swift; sourceTree = "<group>"; };
		CE4B4FAA1AD2AFD8009A4393 /* TM@2x.png */ = {isa = PBXFileReference; lastKnownFileType = image.png; path = "TM@2x.png"; sourceTree = "<group>"; };
		CE4B4FAD1AD2B521009A4393 /* TM.png */ = {isa = PBXFileReference; lastKnownFileType = image.png; path = TM.png; sourceTree = "<group>"; };
		CE4E44881ACA62FF003D4C92 /* NFAST.png */ = {isa = PBXFileReference; lastKnownFileType = image.png; path = NFAST.png; sourceTree = "<group>"; };
		CE561F051AD2CC6600B6F26A /* RM.png */ = {isa = PBXFileReference; lastKnownFileType = image.png; path = RM.png; sourceTree = "<group>"; };
		CE561F061AD2CC6600B6F26A /* RM@2x.png */ = {isa = PBXFileReference; lastKnownFileType = image.png; path = "RM@2x.png"; sourceTree = "<group>"; };
		CE561F091AD2CD1500B6F26A /* Statistics.png */ = {isa = PBXFileReference; lastKnownFileType = image.png; path = Statistics.png; sourceTree = "<group>"; };
		CE561F0A1AD2CD1500B6F26A /* Statistics@2x.png */ = {isa = PBXFileReference; lastKnownFileType = image.png; path = "Statistics@2x.png"; sourceTree = "<group>"; };
		CE561F0D1AD2CD3200B6F26A /* Administrator.png */ = {isa = PBXFileReference; lastKnownFileType = image.png; path = Administrator.png; sourceTree = "<group>"; };
		CE561F0E1AD2CD3200B6F26A /* Administrator@2x.png */ = {isa = PBXFileReference; lastKnownFileType = image.png; path = "Administrator@2x.png"; sourceTree = "<group>"; };
		CEA1E0431AD39217005F681C /* cancel.png */ = {isa = PBXFileReference; lastKnownFileType = image.png; path = cancel.png; sourceTree = "<group>"; };
		CEA1E0441AD39217005F681C /* clear.png */ = {isa = PBXFileReference; lastKnownFileType = image.png; path = clear.png; sourceTree = "<group>"; };
		CEA1E0451AD39217005F681C /* commit.png */ = {isa = PBXFileReference; lastKnownFileType = image.png; path = commit.png; sourceTree = "<group>"; };
		CEA1E0461AD39217005F681C /* loadactive.png */ = {isa = PBXFileReference; lastKnownFileType = image.png; path = loadactive.png; sourceTree = "<group>"; };
/* End PBXFileReference section */

/* Begin PBXFrameworksBuildPhase section */
		CE089F141AC9016F00C6E5DE /* Frameworks */ = {
			isa = PBXFrameworksBuildPhase;
			buildActionMask = 2147483647;
			files = (
				99C0E4571AD37B3C00C991E9 /* CryptoSwift.framework in Frameworks */,
			);
			runOnlyForDeploymentPostprocessing = 0;
		};
		CE089F2C1AC9016F00C6E5DE /* Frameworks */ = {
			isa = PBXFrameworksBuildPhase;
			buildActionMask = 2147483647;
			files = (
			);
			runOnlyForDeploymentPostprocessing = 0;
		};
/* End PBXFrameworksBuildPhase section */

/* Begin PBXGroup section */
		6ED36B321ACA5B0E000C9B1C /* RM Controllers */ = {
			isa = PBXGroup;
			children = (
			);
			name = "RM Controllers";
			sourceTree = "<group>";
		};
		99BFD2121ACA5C6700EF66D1 /* Auto-D Controllers */ = {
			isa = PBXGroup;
			children = (
				9972FD681ACC0C940029B269 /* NewDeviceViewController.swift */,
				99BF457F1ACFA8AC00C407CA /* AutoDiscoveryViewController.swift */,
				99C34A2A1AD27F010022BA5A /* DeviceInfoController.swift */,
			);
			name = "Auto-D Controllers";
			sourceTree = "<group>";
		};
		99C0E3F51AD37B1700C991E9 /* CryptoSwift-master */ = {
			isa = PBXGroup;
			children = (
				99C0E3F61AD37B1700C991E9 /* .gitignore */,
				99C0E3F71AD37B1700C991E9 /* CryptoSwift */,
				99C0E4171AD37B1800C991E9 /* CryptoSwift.podspec */,
				99C0E4181AD37B1800C991E9 /* CryptoSwift.xcodeproj */,
				99C0E41B1AD37B1800C991E9 /* CryptoSwiftTests */,
				99C0E4261AD37B1800C991E9 /* LICENSE */,
				99C0E4271AD37B1800C991E9 /* README.md */,
			);
			path = "CryptoSwift-master";
			sourceTree = "<group>";
		};
		99C0E3F71AD37B1700C991E9 /* CryptoSwift */ = {
			isa = PBXGroup;
			children = (
				99C0E3F81AD37B1700C991E9 /* AES.swift */,
				99C0E3F91AD37B1700C991E9 /* ArrayExtension.swift */,
				99C0E3FA1AD37B1700C991E9 /* Authenticator.swift */,
				99C0E3FB1AD37B1700C991E9 /* BitExtension.swift */,
				99C0E3FC1AD37B1700C991E9 /* ChaCha20.swift */,
				99C0E3FD1AD37B1700C991E9 /* Cipher.swift */,
				99C0E3FE1AD37B1700C991E9 /* CipherBlockMode.swift */,
				99C0E3FF1AD37B1700C991E9 /* CRC.swift */,
				99C0E4001AD37B1700C991E9 /* CryptoHashBase.swift */,
				99C0E4011AD37B1700C991E9 /* CryptoSwift.h */,
				99C0E4021AD37B1700C991E9 /* Generics.swift */,
				99C0E4031AD37B1700C991E9 /* Hash.swift */,
				99C0E4041AD37B1700C991E9 /* HMAC.swift */,
				99C0E4051AD37B1700C991E9 /* Info.plist */,
				99C0E4061AD37B1700C991E9 /* IntExtension.swift */,
				99C0E4071AD37B1700C991E9 /* MD5.swift */,
				99C0E4081AD37B1700C991E9 /* NSDataExtension.swift */,
				99C0E4091AD37B1700C991E9 /* Operators.swift */,
				99C0E40A1AD37B1700C991E9 /* PaddingMode.swift */,
				99C0E40B1AD37B1800C991E9 /* PKCS7.swift */,
				99C0E40C1AD37B1800C991E9 /* Playground */,
				99C0E40E1AD37B1800C991E9 /* Poly1305.swift */,
				99C0E40F1AD37B1800C991E9 /* SHA1.swift */,
				99C0E4101AD37B1800C991E9 /* SHA2.swift */,
				99C0E4111AD37B1800C991E9 /* StringExtension.swift */,
				99C0E4121AD37B1800C991E9 /* UInt16Extension.swift */,
				99C0E4131AD37B1800C991E9 /* UInt32Extension.swift */,
				99C0E4141AD37B1800C991E9 /* UInt64Extension.swift */,
				99C0E4151AD37B1800C991E9 /* UInt8Extension.swift */,
				99C0E4161AD37B1800C991E9 /* Utils.swift */,
			);
			path = CryptoSwift;
			sourceTree = "<group>";
		};
		99C0E40C1AD37B1800C991E9 /* Playground */ = {
			isa = PBXGroup;
			children = (
				99C0E40D1AD37B1800C991E9 /* CryptoPlayground.playground */,
			);
			path = Playground;
			sourceTree = "<group>";
		};
		99C0E4191AD37B1800C991E9 /* Products */ = {
			isa = PBXGroup;
			children = (
				99C0E4541AD37B1800C991E9 /* CryptoSwift.framework */,
				99C0E4561AD37B1800C991E9 /* CryptoSwiftTests.xctest */,
			);
			name = Products;
			sourceTree = "<group>";
		};
		99C0E41B1AD37B1800C991E9 /* CryptoSwiftTests */ = {
			isa = PBXGroup;
			children = (
				99C0E41C1AD37B1800C991E9 /* AESTests.swift */,
				99C0E41D1AD37B1800C991E9 /* Bridging.h */,
				99C0E41E1AD37B1800C991E9 /* ChaCha20Tests.swift */,
				99C0E41F1AD37B1800C991E9 /* ExtensionsTest.swift */,
				99C0E4201AD37B1800C991E9 /* HashTests.swift */,
				99C0E4211AD37B1800C991E9 /* Helpers.swift */,
				99C0E4221AD37B1800C991E9 /* HMACTests.swift */,
				99C0E4231AD37B1800C991E9 /* Info.plist */,
				99C0E4241AD37B1800C991E9 /* PaddingTests.swift */,
				99C0E4251AD37B1800C991E9 /* Poly1305Tests.swift */,
			);
			path = CryptoSwiftTests;
			sourceTree = "<group>";
		};
		CE089F0E1AC9016F00C6E5DE = {
			isa = PBXGroup;
			children = (
				CE089F191AC9016F00C6E5DE /* TopologyManagement */,
				CE089F321AC9016F00C6E5DE /* TopologyManagementTests */,
				CE089F181AC9016F00C6E5DE /* Products */,
			);
			sourceTree = "<group>";
		};
		CE089F181AC9016F00C6E5DE /* Products */ = {
			isa = PBXGroup;
			children = (
				CE089F171AC9016F00C6E5DE /* TopologyManagement.app */,
				CE089F2F1AC9016F00C6E5DE /* TopologyManagementTests.xctest */,
			);
			name = Products;
			sourceTree = "<group>";
		};
		CE089F191AC9016F00C6E5DE /* TopologyManagement */ = {
			isa = PBXGroup;
			children = (
				99C0E3F51AD37B1700C991E9 /* CryptoSwift-master */,
				CE4E44871ACA62EB003D4C92 /* Resources */,
				CE089F7C1AC95D0C00C6E5DE /* Library */,
				CE089F1C1AC9016F00C6E5DE /* AppDelegate.swift */,
				CE089F871AC961C400C6E5DE /* Controllers */,
				CE089F231AC9016F00C6E5DE /* Main.storyboard */,
				CE4B4F621AD10A55009A4393 /* UIColor.swift */,
				CE089F261AC9016F00C6E5DE /* Images.xcassets */,
				CE089F281AC9016F00C6E5DE /* LaunchScreen.xib */,
				CE089F1E1AC9016F00C6E5DE /* TopologyManagement.xcdatamodeld */,
				CE089F1A1AC9016F00C6E5DE /* Supporting Files */,
			);
			path = TopologyManagement;
			sourceTree = "<group>";
		};
		CE089F1A1AC9016F00C6E5DE /* Supporting Files */ = {
			isa = PBXGroup;
			children = (
				CE089F1B1AC9016F00C6E5DE /* Info.plist */,
			);
			name = "Supporting Files";
			sourceTree = "<group>";
		};
		CE089F321AC9016F00C6E5DE /* TopologyManagementTests */ = {
			isa = PBXGroup;
			children = (
				CE089F351AC9016F00C6E5DE /* TopologyManagementTests.swift */,
				CE089F331AC9016F00C6E5DE /* Supporting Files */,
			);
			path = TopologyManagementTests;
			sourceTree = "<group>";
		};
		CE089F331AC9016F00C6E5DE /* Supporting Files */ = {
			isa = PBXGroup;
			children = (
				CE089F341AC9016F00C6E5DE /* Info.plist */,
			);
			name = "Supporting Files";
			sourceTree = "<group>";
		};
		CE089F3F1AC9020C00C6E5DE /* navigation tab */ = {
			isa = PBXGroup;
			children = (
				CE089F6A1AC9048800C6E5DE /* configeditor.png */,
				CE561F051AD2CC6600B6F26A /* RM.png */,
				CE561F061AD2CC6600B6F26A /* RM@2x.png */,
				CE089F6B1AC9048800C6E5DE /* configeditor@2x.png */,
				CE089F921AC9853000C6E5DE /* menu.png */,
				CE561F0D1AD2CD3200B6F26A /* Administrator.png */,
				CE561F0E1AD2CD3200B6F26A /* Administrator@2x.png */,
				CE561F091AD2CD1500B6F26A /* Statistics.png */,
				CE561F0A1AD2CD1500B6F26A /* Statistics@2x.png */,
				CE089F8E1AC9841D00C6E5DE /* narraLogo.png */,
				CE4B4FAD1AD2B521009A4393 /* TM.png */,
				CE4B4FAA1AD2AFD8009A4393 /* TM@2x.png */,
				CE089F701AC9048800C6E5DE /* topology.png */,
				CE089F711AC9048800C6E5DE /* topology@2x.png */,
			);
			name = "navigation tab";
			sourceTree = "<group>";
		};
		CE089F7C1AC95D0C00C6E5DE /* Library */ = {
			isa = PBXGroup;
			children = (
				CE089F831AC9619B00C6E5DE /* ENSideMenu.swift */,
				CE089F841AC9619B00C6E5DE /* ENSideMenuNavigationController.swift */,
				CE4B4F741AD223D5009A4393 /* TableViewHelper.swift */,
			);
			name = Library;
			sourceTree = "<group>";
		};
		CE089F871AC961C400C6E5DE /* Controllers */ = {
			isa = PBXGroup;
			children = (
				CE4B4F661AD12B7D009A4393 /* Admin Controllers */,
				99BFD2121ACA5C6700EF66D1 /* Auto-D Controllers */,
				6ED36B321ACA5B0E000C9B1C /* RM Controllers */,
				CE4E44861ACA5F81003D4C92 /* TM Controllers */,
			);
			name = Controllers;
			sourceTree = "<group>";
		};
		CE4004341ACADB8E00B689EF /* navigation panel */ = {
			isa = PBXGroup;
			children = (
				CE4004351ACADBFB00B689EF /* topology-console.png */,
				CE4004391ACADC5A00B689EF /* canvasmapping.png */,
				CE40043D1ACADCB700B689EF /* configname.png */,
				CE40043F1ACADCCE00B689EF /* historyIcon.png */,
				CE40043B1ACADC7900B689EF /* zoomdefault.png */,
				CE4004371ACADC2500B689EF /* topology_sanitytest.png */,
			);
			name = "navigation panel";
			sourceTree = "<group>";
		};
		CE4004411ACB8DD200B689EF /* main menu */ = {
			isa = PBXGroup;
			children = (
				CE4B4F541AD0F1B4009A4393 /* autodiscover.png */,
				CE4004421ACB8EF100B689EF /* config.png */,
				CE4B4F5C1AD0F61B009A4393 /* customview.png */,
				CE4004431ACB8EF100B689EF /* debug.png */,
				CE4004441ACB8EF100B689EF /* delete.png */,
				CE4004451ACB8EF100B689EF /* edit.png */,
				CE4004461ACB8EF100B689EF /* editgrid.png */,
				CE4004471ACB8EF100B689EF /* filter.png */,
				CE4004481ACB8EF100B689EF /* hidegrid.png */,
				CE4004491ACB8EF100B689EF /* load.png */,
				CE4B4F561AD0F21F009A4393 /* logs.png */,
				CE40044A1ACB8EF100B689EF /* power.png */,
				CE4B4F641AD11883009A4393 /* grid.png */,
				CE40044B1ACB8EF100B689EF /* save.png */,
				CE40044C1ACB8EF100B689EF /* saveas.png */,
				CE40044D1ACB8EF100B689EF /* savediagram.png */,
				CE40044E1ACB8EF100B689EF /* saveinfo.png */,
				CE4B4F581AD0F2C7009A4393 /* showactivity.png */,
				CE40044F1ACB8EF100B689EF /* showgrid.png */,
				CE4B4F5A1AD0F31B009A4393 /* software.png */,
				CE4004511ACB8EF100B689EF /* timepicker_enable.png */,
				CE4B4F5E1AD0F652009A4393 /* timepicker.png */,
				CE4004521ACB8EF100B689EF /* tools.png */,
				CE4004531ACB8EF100B689EF /* viewoption.png */,
			);
			name = "main menu";
			sourceTree = "<group>";
		};
		CE4B4F661AD12B7D009A4393 /* Admin Controllers */ = {
			isa = PBXGroup;
			children = (
				CE4B4F671AD12BA1009A4393 /* LoginViewController.swift */,
			);
			name = "Admin Controllers";
			sourceTree = "<group>";
		};
		CE4B4F691AD1E28B009A4393 /* sidebar */ = {
			isa = PBXGroup;
			children = (
				CE4B4F6A1AD1E2F0009A4393 /* Connectivity.png */,
				CE4B4F6B1AD1E2F0009A4393 /* Device.png */,
				CE4B4F6C1AD1E2F0009A4393 /* Server.png */,
				CE4B4F6D1AD1E2F0009A4393 /* Testtool.png */,
				CE4B4F6E1AD1E2F0009A4393 /* topologylist.png */,
			);
			name = sidebar;
			sourceTree = "<group>";
		};
		CE4E44861ACA5F81003D4C92 /* TM Controllers */ = {
			isa = PBXGroup;
			children = (
				CE089F881AC9632A00C6E5DE /* CanvasSideBarNavigationController.swift */,
				CE089F8A1AC963A500C6E5DE /* CanvasSideBarTableController.swift */,
				CE4B4FA71AD26E86009A4393 /* SidebarCanvasDomainPicker.swift */,
				CE089F8C1AC965B800C6E5DE /* CanvasViewController.swift */,
				CE4B4F521AD0DC94009A4393 /* MainMenuHeaderCell.swift */,
				CE089F981AC9AF5200C6E5DE /* CanvasNavigationPanelController.swift */,
				CE089F9A1ACA2F5A00C6E5DE /* CanvasMainMenuController.swift */,
			);
			name = "TM Controllers";
			sourceTree = "<group>";
		};
		CE4E44871ACA62EB003D4C92 /* Resources */ = {
			isa = PBXGroup;
			children = (
				CE4E44881ACA62FF003D4C92 /* NFAST.png */,
				CEA1E03A1AD385C0005F681C /* action buttons */,
				CE4B4F691AD1E28B009A4393 /* sidebar */,
				CE4004411ACB8DD200B689EF /* main menu */,
				CE4004341ACADB8E00B689EF /* navigation panel */,
				CE089F3F1AC9020C00C6E5DE /* navigation tab */,
			);
			name = Resources;
			sourceTree = "<group>";
		};
		CEA1E03A1AD385C0005F681C /* action buttons */ = {
			isa = PBXGroup;
			children = (
				CEA1E0431AD39217005F681C /* cancel.png */,
				CEA1E0441AD39217005F681C /* clear.png */,
				CEA1E0451AD39217005F681C /* commit.png */,
				CEA1E0461AD39217005F681C /* loadactive.png */,
			);
			name = "action buttons";
			sourceTree = "<group>";
		};
/* End PBXGroup section */

/* Begin PBXNativeTarget section */
		CE089F161AC9016F00C6E5DE /* TopologyManagement */ = {
			isa = PBXNativeTarget;
			buildConfigurationList = CE089F391AC9016F00C6E5DE /* Build configuration list for PBXNativeTarget "TopologyManagement" */;
			buildPhases = (
				CE089F131AC9016F00C6E5DE /* Sources */,
				CE089F141AC9016F00C6E5DE /* Frameworks */,
				CE089F151AC9016F00C6E5DE /* Resources */,
			);
			buildRules = (
			);
			dependencies = (
			);
			name = TopologyManagement;
			productName = TopologyManagement;
			productReference = CE089F171AC9016F00C6E5DE /* TopologyManagement.app */;
			productType = "com.apple.product-type.application";
		};
		CE089F2E1AC9016F00C6E5DE /* TopologyManagementTests */ = {
			isa = PBXNativeTarget;
			buildConfigurationList = CE089F3C1AC9016F00C6E5DE /* Build configuration list for PBXNativeTarget "TopologyManagementTests" */;
			buildPhases = (
				CE089F2B1AC9016F00C6E5DE /* Sources */,
				CE089F2C1AC9016F00C6E5DE /* Frameworks */,
				CE089F2D1AC9016F00C6E5DE /* Resources */,
			);
			buildRules = (
			);
			dependencies = (
				CE089F311AC9016F00C6E5DE /* PBXTargetDependency */,
			);
			name = TopologyManagementTests;
			productName = TopologyManagementTests;
			productReference = CE089F2F1AC9016F00C6E5DE /* TopologyManagementTests.xctest */;
			productType = "com.apple.product-type.bundle.unit-test";
		};
/* End PBXNativeTarget section */

/* Begin PBXProject section */
		CE089F0F1AC9016F00C6E5DE /* Project object */ = {
			isa = PBXProject;
			attributes = {
				LastUpgradeCheck = 0620;
				ORGANIZATIONNAME = "Narra Systems Corp.";
				TargetAttributes = {
					CE089F161AC9016F00C6E5DE = {
						CreatedOnToolsVersion = 6.2;
						DevelopmentTeam = 55697WCSNX;
					};
					CE089F2E1AC9016F00C6E5DE = {
						CreatedOnToolsVersion = 6.2;
						TestTargetID = CE089F161AC9016F00C6E5DE;
					};
				};
			};
			buildConfigurationList = CE089F121AC9016F00C6E5DE /* Build configuration list for PBXProject "TopologyManagement" */;
			compatibilityVersion = "Xcode 3.2";
			developmentRegion = English;
			hasScannedForEncodings = 0;
			knownRegions = (
				en,
				Base,
			);
			mainGroup = CE089F0E1AC9016F00C6E5DE;
			productRefGroup = CE089F181AC9016F00C6E5DE /* Products */;
			projectDirPath = "";
			projectReferences = (
				{
					ProductGroup = 99C0E4191AD37B1800C991E9 /* Products */;
					ProjectRef = 99C0E4181AD37B1800C991E9 /* CryptoSwift.xcodeproj */;
				},
			);
			projectRoot = "";
			targets = (
				CE089F161AC9016F00C6E5DE /* TopologyManagement */,
				CE089F2E1AC9016F00C6E5DE /* TopologyManagementTests */,
			);
		};
/* End PBXProject section */

/* Begin PBXReferenceProxy section */
		99C0E4541AD37B1800C991E9 /* CryptoSwift.framework */ = {
			isa = PBXReferenceProxy;
			fileType = wrapper.framework;
			path = CryptoSwift.framework;
			remoteRef = 99C0E4531AD37B1800C991E9 /* PBXContainerItemProxy */;
			sourceTree = BUILT_PRODUCTS_DIR;
		};
		99C0E4561AD37B1800C991E9 /* CryptoSwiftTests.xctest */ = {
			isa = PBXReferenceProxy;
			fileType = wrapper.cfbundle;
			path = CryptoSwiftTests.xctest;
			remoteRef = 99C0E4551AD37B1800C991E9 /* PBXContainerItemProxy */;
			sourceTree = BUILT_PRODUCTS_DIR;
		};
/* End PBXReferenceProxy section */

/* Begin PBXResourcesBuildPhase section */
		CE089F151AC9016F00C6E5DE /* Resources */ = {
			isa = PBXResourcesBuildPhase;
			buildActionMask = 2147483647;
			files = (
				CE561F071AD2CC6600B6F26A /* RM.png in Resources */,
				CE089F7B1AC9048800C6E5DE /* topology@2x.png in Resources */,
				CE4B4F721AD1E2F0009A4393 /* Testtool.png in Resources */,
				CE40043E1ACADCB700B689EF /* configname.png in Resources */,
				CE40045F1ACB8EF100B689EF /* savediagram.png in Resources */,
				CE4B4F5D1AD0F61B009A4393 /* customview.png in Resources */,
				CE4004571ACB8EF100B689EF /* edit.png in Resources */,
				CE40045A1ACB8EF100B689EF /* hidegrid.png in Resources */,
				CE4004611ACB8EF100B689EF /* showgrid.png in Resources */,
				CE4004601ACB8EF100B689EF /* saveinfo.png in Resources */,
				99C0E44C1AD37B1800C991E9 /* Info.plist in Resources */,
				CE4004561ACB8EF100B689EF /* delete.png in Resources */,
				CE089F751AC9048800C6E5DE /* configeditor@2x.png in Resources */,
				CE561F101AD2CD3200B6F26A /* Administrator@2x.png in Resources */,
				CE4B4F651AD11883009A4393 /* grid.png in Resources */,
				CE089F251AC9016F00C6E5DE /* Main.storyboard in Resources */,
<<<<<<< Updated upstream
				CE4B4FAE1AD2B521009A4393 /* TM.png in Resources */,
				CE4B4F731AD1E2F0009A4393 /* topologylist.png in Resources */,
				CE4B4F701AD1E2F0009A4393 /* Device.png in Resources */,
				CE561F0F1AD2CD3200B6F26A /* Administrator.png in Resources */,
=======
				99C0E4281AD37B1800C991E9 /* .gitignore in Resources */,
>>>>>>> Stashed changes
				CE40043A1ACADC5A00B689EF /* canvasmapping.png in Resources */,
				CE4004381ACADC2500B689EF /* topology_sanitytest.png in Resources */,
				CE4B4F5B1AD0F31B009A4393 /* software.png in Resources */,
				CE4B4F6F1AD1E2F0009A4393 /* Connectivity.png in Resources */,
				CE40045D1ACB8EF100B689EF /* save.png in Resources */,
				CE40045B1ACB8EF100B689EF /* load.png in Resources */,
				CE4004361ACADBFB00B689EF /* topology-console.png in Resources */,
				CE40043C1ACADC7900B689EF /* zoomdefault.png in Resources */,
				99C0E4351AD37B1800C991E9 /* Info.plist in Resources */,
				CE089F8F1AC9841D00C6E5DE /* narraLogo.png in Resources */,
				CE561F081AD2CC6600B6F26A /* RM@2x.png in Resources */,
				CE4B4F571AD0F21F009A4393 /* logs.png in Resources */,
				CE4004401ACADCCE00B689EF /* historyIcon.png in Resources */,
				99C0E44F1AD37B1800C991E9 /* LICENSE in Resources */,
				CE4004581ACB8EF100B689EF /* editgrid.png in Resources */,
				CEA1E0481AD39217005F681C /* clear.png in Resources */,
				CE4004641ACB8EF100B689EF /* tools.png in Resources */,
				CEA1E0471AD39217005F681C /* cancel.png in Resources */,
				CE4B4F551AD0F1B4009A4393 /* autodiscover.png in Resources */,
				CE4004631ACB8EF100B689EF /* timepicker_enable.png in Resources */,
				CE4B4F711AD1E2F0009A4393 /* Server.png in Resources */,
				CE089F741AC9048800C6E5DE /* configeditor.png in Resources */,
				CE561F0B1AD2CD1500B6F26A /* Statistics.png in Resources */,
				CE4E44891ACA62FF003D4C92 /* NFAST.png in Resources */,
				CE089F2A1AC9016F00C6E5DE /* LaunchScreen.xib in Resources */,
				CE40045E1ACB8EF100B689EF /* saveas.png in Resources */,
				CE4004651ACB8EF100B689EF /* viewoption.png in Resources */,
				CE4004541ACB8EF100B689EF /* config.png in Resources */,
				CE089F271AC9016F00C6E5DE /* Images.xcassets in Resources */,
				CEA1E04A1AD39217005F681C /* loadactive.png in Resources */,
				CE4B4FAC1AD2AFD8009A4393 /* TM@2x.png in Resources */,
				CE089F7A1AC9048800C6E5DE /* topology.png in Resources */,
				CE4004551ACB8EF100B689EF /* debug.png in Resources */,
				CE4B4F5F1AD0F652009A4393 /* timepicker.png in Resources */,
				CE4B4F591AD0F2C7009A4393 /* showactivity.png in Resources */,
				CE4004591ACB8EF100B689EF /* filter.png in Resources */,
				CE089F931AC9853000C6E5DE /* menu.png in Resources */,
				CE561F0C1AD2CD1500B6F26A /* Statistics@2x.png in Resources */,
				CEA1E0491AD39217005F681C /* commit.png in Resources */,
				CE40045C1ACB8EF100B689EF /* power.png in Resources */,
<<<<<<< Updated upstream
=======
				99C0E4451AD37B1800C991E9 /* CryptoSwift.podspec in Resources */,
				CE089F791AC9048800C6E5DE /* Statistics@2x.png in Resources */,
>>>>>>> Stashed changes
			);
			runOnlyForDeploymentPostprocessing = 0;
		};
		CE089F2D1AC9016F00C6E5DE /* Resources */ = {
			isa = PBXResourcesBuildPhase;
			buildActionMask = 2147483647;
			files = (
			);
			runOnlyForDeploymentPostprocessing = 0;
		};
/* End PBXResourcesBuildPhase section */

/* Begin PBXSourcesBuildPhase section */
		CE089F131AC9016F00C6E5DE /* Sources */ = {
			isa = PBXSourcesBuildPhase;
			buildActionMask = 2147483647;
			files = (
<<<<<<< Updated upstream
				CE4B4F681AD12BA1009A4393 /* LoginViewController.swift in Sources */,
				CE4B4F531AD0DC94009A4393 /* MainMenuHeaderCell.swift in Sources */,
				CE089F991AC9AF5200C6E5DE /* CanvasNavigationPanelController.swift in Sources */,
				CE4B4F751AD223D5009A4393 /* TableViewHelper.swift in Sources */,
=======
				99C0E43B1AD37B1800C991E9 /* PKCS7.swift in Sources */,
				CE089F991AC9AF5200C6E5DE /* CanvasNavigationPanelController.swift in Sources */,
				99C34A2B1AD27F010022BA5A /* DeviceInfoController.swift in Sources */,
				99C0E4471AD37B1800C991E9 /* ChaCha20Tests.swift in Sources */,
				99C0E4381AD37B1800C991E9 /* NSDataExtension.swift in Sources */,
>>>>>>> Stashed changes
				CE089F851AC9619B00C6E5DE /* ENSideMenu.swift in Sources */,
				99C0E4501AD37B1800C991E9 /* README.md in Sources */,
				99C0E4441AD37B1800C991E9 /* Utils.swift in Sources */,
				99C0E4361AD37B1800C991E9 /* IntExtension.swift in Sources */,
				99C0E4331AD37B1800C991E9 /* Hash.swift in Sources */,
				CE089F9B1ACA2F5A00C6E5DE /* CanvasMainMenuController.swift in Sources */,
				99C0E43F1AD37B1800C991E9 /* StringExtension.swift in Sources */,
				99C0E4311AD37B1800C991E9 /* CryptoHashBase.swift in Sources */,
				CE089F1D1AC9016F00C6E5DE /* AppDelegate.swift in Sources */,
				99C0E4391AD37B1800C991E9 /* Operators.swift in Sources */,
				99C0E42B1AD37B1800C991E9 /* Authenticator.swift in Sources */,
				99C0E44A1AD37B1800C991E9 /* Helpers.swift in Sources */,
				99C0E4491AD37B1800C991E9 /* HashTests.swift in Sources */,
				99C0E4401AD37B1800C991E9 /* UInt16Extension.swift in Sources */,
				99C0E4411AD37B1800C991E9 /* UInt32Extension.swift in Sources */,
				CE089F891AC9632A00C6E5DE /* CanvasSideBarNavigationController.swift in Sources */,
				9972FD691ACC0C940029B269 /* NewDeviceViewController.swift in Sources */,
				99C0E43C1AD37B1800C991E9 /* Poly1305.swift in Sources */,
				CE089F861AC9619B00C6E5DE /* ENSideMenuNavigationController.swift in Sources */,
<<<<<<< Updated upstream
				CE4B4F631AD10A55009A4393 /* UIColor.swift in Sources */,
=======
				99C0E42C1AD37B1800C991E9 /* BitExtension.swift in Sources */,
>>>>>>> Stashed changes
				CE089F201AC9016F00C6E5DE /* TopologyManagement.xcdatamodeld in Sources */,
				99C0E43D1AD37B1800C991E9 /* SHA1.swift in Sources */,
				99C0E4431AD37B1800C991E9 /* UInt8Extension.swift in Sources */,
				99C0E42D1AD37B1800C991E9 /* ChaCha20.swift in Sources */,
				99C0E4341AD37B1800C991E9 /* HMAC.swift in Sources */,
				99C0E44E1AD37B1800C991E9 /* Poly1305Tests.swift in Sources */,
				99C0E4301AD37B1800C991E9 /* CRC.swift in Sources */,
				99C0E42E1AD37B1800C991E9 /* Cipher.swift in Sources */,
				CE089F8D1AC965B800C6E5DE /* CanvasViewController.swift in Sources */,
<<<<<<< Updated upstream
				CE4B4FA81AD26E86009A4393 /* SidebarCanvasDomainPicker.swift in Sources */,
=======
				99C0E4461AD37B1800C991E9 /* AESTests.swift in Sources */,
				99C0E43A1AD37B1800C991E9 /* PaddingMode.swift in Sources */,
>>>>>>> Stashed changes
				CE089F8B1AC963A500C6E5DE /* CanvasSideBarTableController.swift in Sources */,
				99C0E4371AD37B1800C991E9 /* MD5.swift in Sources */,
				99C0E42A1AD37B1800C991E9 /* ArrayExtension.swift in Sources */,
				99BF45801ACFA8AC00C407CA /* AutoDiscoveryViewController.swift in Sources */,
				99C0E4421AD37B1800C991E9 /* UInt64Extension.swift in Sources */,
				99C0E4481AD37B1800C991E9 /* ExtensionsTest.swift in Sources */,
				99C0E4321AD37B1800C991E9 /* Generics.swift in Sources */,
				99C0E44D1AD37B1800C991E9 /* PaddingTests.swift in Sources */,
				99C0E44B1AD37B1800C991E9 /* HMACTests.swift in Sources */,
				99C0E4291AD37B1800C991E9 /* AES.swift in Sources */,
				99C0E42F1AD37B1800C991E9 /* CipherBlockMode.swift in Sources */,
				99C0E43E1AD37B1800C991E9 /* SHA2.swift in Sources */,
			);
			runOnlyForDeploymentPostprocessing = 0;
		};
		CE089F2B1AC9016F00C6E5DE /* Sources */ = {
			isa = PBXSourcesBuildPhase;
			buildActionMask = 2147483647;
			files = (
				CE089F361AC9016F00C6E5DE /* TopologyManagementTests.swift in Sources */,
			);
			runOnlyForDeploymentPostprocessing = 0;
		};
/* End PBXSourcesBuildPhase section */

/* Begin PBXTargetDependency section */
		CE089F311AC9016F00C6E5DE /* PBXTargetDependency */ = {
			isa = PBXTargetDependency;
			target = CE089F161AC9016F00C6E5DE /* TopologyManagement */;
			targetProxy = CE089F301AC9016F00C6E5DE /* PBXContainerItemProxy */;
		};
/* End PBXTargetDependency section */

/* Begin PBXVariantGroup section */
		CE089F231AC9016F00C6E5DE /* Main.storyboard */ = {
			isa = PBXVariantGroup;
			children = (
				CE089F241AC9016F00C6E5DE /* Base */,
			);
			name = Main.storyboard;
			sourceTree = "<group>";
		};
		CE089F281AC9016F00C6E5DE /* LaunchScreen.xib */ = {
			isa = PBXVariantGroup;
			children = (
				CE089F291AC9016F00C6E5DE /* Base */,
			);
			name = LaunchScreen.xib;
			sourceTree = "<group>";
		};
/* End PBXVariantGroup section */

/* Begin XCBuildConfiguration section */
		CE089F371AC9016F00C6E5DE /* Debug */ = {
			isa = XCBuildConfiguration;
			buildSettings = {
				ALWAYS_SEARCH_USER_PATHS = NO;
				CLANG_CXX_LANGUAGE_STANDARD = "gnu++0x";
				CLANG_CXX_LIBRARY = "libc++";
				CLANG_ENABLE_MODULES = YES;
				CLANG_ENABLE_OBJC_ARC = YES;
				CLANG_WARN_BOOL_CONVERSION = YES;
				CLANG_WARN_CONSTANT_CONVERSION = YES;
				CLANG_WARN_DIRECT_OBJC_ISA_USAGE = YES_ERROR;
				CLANG_WARN_EMPTY_BODY = YES;
				CLANG_WARN_ENUM_CONVERSION = YES;
				CLANG_WARN_INT_CONVERSION = YES;
				CLANG_WARN_OBJC_ROOT_CLASS = YES_ERROR;
				CLANG_WARN_UNREACHABLE_CODE = YES;
				CLANG_WARN__DUPLICATE_METHOD_MATCH = YES;
				"CODE_SIGN_IDENTITY[sdk=iphoneos*]" = "iPhone Developer";
				COPY_PHASE_STRIP = NO;
				ENABLE_STRICT_OBJC_MSGSEND = YES;
				GCC_C_LANGUAGE_STANDARD = gnu99;
				GCC_DYNAMIC_NO_PIC = NO;
				GCC_OPTIMIZATION_LEVEL = 0;
				GCC_PREPROCESSOR_DEFINITIONS = (
					"DEBUG=1",
					"$(inherited)",
				);
				GCC_SYMBOLS_PRIVATE_EXTERN = NO;
				GCC_WARN_64_TO_32_BIT_CONVERSION = YES;
				GCC_WARN_ABOUT_RETURN_TYPE = YES_ERROR;
				GCC_WARN_UNDECLARED_SELECTOR = YES;
				GCC_WARN_UNINITIALIZED_AUTOS = YES_AGGRESSIVE;
				GCC_WARN_UNUSED_FUNCTION = YES;
				GCC_WARN_UNUSED_VARIABLE = YES;
				IPHONEOS_DEPLOYMENT_TARGET = 8.2;
				MTL_ENABLE_DEBUG_INFO = YES;
				ONLY_ACTIVE_ARCH = YES;
				SDKROOT = iphoneos;
				SWIFT_OPTIMIZATION_LEVEL = "-Onone";
				TARGETED_DEVICE_FAMILY = "1,2";
			};
			name = Debug;
		};
		CE089F381AC9016F00C6E5DE /* Release */ = {
			isa = XCBuildConfiguration;
			buildSettings = {
				ALWAYS_SEARCH_USER_PATHS = NO;
				CLANG_CXX_LANGUAGE_STANDARD = "gnu++0x";
				CLANG_CXX_LIBRARY = "libc++";
				CLANG_ENABLE_MODULES = YES;
				CLANG_ENABLE_OBJC_ARC = YES;
				CLANG_WARN_BOOL_CONVERSION = YES;
				CLANG_WARN_CONSTANT_CONVERSION = YES;
				CLANG_WARN_DIRECT_OBJC_ISA_USAGE = YES_ERROR;
				CLANG_WARN_EMPTY_BODY = YES;
				CLANG_WARN_ENUM_CONVERSION = YES;
				CLANG_WARN_INT_CONVERSION = YES;
				CLANG_WARN_OBJC_ROOT_CLASS = YES_ERROR;
				CLANG_WARN_UNREACHABLE_CODE = YES;
				CLANG_WARN__DUPLICATE_METHOD_MATCH = YES;
				"CODE_SIGN_IDENTITY[sdk=iphoneos*]" = "iPhone Developer";
				COPY_PHASE_STRIP = NO;
				ENABLE_NS_ASSERTIONS = NO;
				ENABLE_STRICT_OBJC_MSGSEND = YES;
				GCC_C_LANGUAGE_STANDARD = gnu99;
				GCC_WARN_64_TO_32_BIT_CONVERSION = YES;
				GCC_WARN_ABOUT_RETURN_TYPE = YES_ERROR;
				GCC_WARN_UNDECLARED_SELECTOR = YES;
				GCC_WARN_UNINITIALIZED_AUTOS = YES_AGGRESSIVE;
				GCC_WARN_UNUSED_FUNCTION = YES;
				GCC_WARN_UNUSED_VARIABLE = YES;
				IPHONEOS_DEPLOYMENT_TARGET = 8.2;
				MTL_ENABLE_DEBUG_INFO = NO;
				SDKROOT = iphoneos;
				TARGETED_DEVICE_FAMILY = "1,2";
				VALIDATE_PRODUCT = YES;
			};
			name = Release;
		};
		CE089F3A1AC9016F00C6E5DE /* Debug */ = {
			isa = XCBuildConfiguration;
			buildSettings = {
				ASSETCATALOG_COMPILER_APPICON_NAME = AppIcon;
				CODE_SIGN_IDENTITY = "iPhone Developer";
				INFOPLIST_FILE = TopologyManagement/Info.plist;
				IPHONEOS_DEPLOYMENT_TARGET = 8.1;
				LD_RUNPATH_SEARCH_PATHS = "$(inherited) @executable_path/Frameworks";
				PRODUCT_NAME = "$(TARGET_NAME)";
				TARGETED_DEVICE_FAMILY = "1,2";
			};
			name = Debug;
		};
		CE089F3B1AC9016F00C6E5DE /* Release */ = {
			isa = XCBuildConfiguration;
			buildSettings = {
				ASSETCATALOG_COMPILER_APPICON_NAME = AppIcon;
				CODE_SIGN_IDENTITY = "iPhone Developer";
				INFOPLIST_FILE = TopologyManagement/Info.plist;
				IPHONEOS_DEPLOYMENT_TARGET = 8.1;
				LD_RUNPATH_SEARCH_PATHS = "$(inherited) @executable_path/Frameworks";
				PRODUCT_NAME = "$(TARGET_NAME)";
				TARGETED_DEVICE_FAMILY = "1,2";
			};
			name = Release;
		};
		CE089F3D1AC9016F00C6E5DE /* Debug */ = {
			isa = XCBuildConfiguration;
			buildSettings = {
				BUNDLE_LOADER = "$(TEST_HOST)";
				FRAMEWORK_SEARCH_PATHS = (
					"$(SDKROOT)/Developer/Library/Frameworks",
					"$(inherited)",
				);
				GCC_PREPROCESSOR_DEFINITIONS = (
					"DEBUG=1",
					"$(inherited)",
				);
				INFOPLIST_FILE = TopologyManagementTests/Info.plist;
				LD_RUNPATH_SEARCH_PATHS = "$(inherited) @executable_path/Frameworks @loader_path/Frameworks";
				PRODUCT_NAME = "$(TARGET_NAME)";
				TEST_HOST = "$(BUILT_PRODUCTS_DIR)/TopologyManagement.app/TopologyManagement";
			};
			name = Debug;
		};
		CE089F3E1AC9016F00C6E5DE /* Release */ = {
			isa = XCBuildConfiguration;
			buildSettings = {
				BUNDLE_LOADER = "$(TEST_HOST)";
				FRAMEWORK_SEARCH_PATHS = (
					"$(SDKROOT)/Developer/Library/Frameworks",
					"$(inherited)",
				);
				INFOPLIST_FILE = TopologyManagementTests/Info.plist;
				LD_RUNPATH_SEARCH_PATHS = "$(inherited) @executable_path/Frameworks @loader_path/Frameworks";
				PRODUCT_NAME = "$(TARGET_NAME)";
				TEST_HOST = "$(BUILT_PRODUCTS_DIR)/TopologyManagement.app/TopologyManagement";
			};
			name = Release;
		};
/* End XCBuildConfiguration section */

/* Begin XCConfigurationList section */
		CE089F121AC9016F00C6E5DE /* Build configuration list for PBXProject "TopologyManagement" */ = {
			isa = XCConfigurationList;
			buildConfigurations = (
				CE089F371AC9016F00C6E5DE /* Debug */,
				CE089F381AC9016F00C6E5DE /* Release */,
			);
			defaultConfigurationIsVisible = 0;
			defaultConfigurationName = Release;
		};
		CE089F391AC9016F00C6E5DE /* Build configuration list for PBXNativeTarget "TopologyManagement" */ = {
			isa = XCConfigurationList;
			buildConfigurations = (
				CE089F3A1AC9016F00C6E5DE /* Debug */,
				CE089F3B1AC9016F00C6E5DE /* Release */,
			);
			defaultConfigurationIsVisible = 0;
			defaultConfigurationName = Release;
		};
		CE089F3C1AC9016F00C6E5DE /* Build configuration list for PBXNativeTarget "TopologyManagementTests" */ = {
			isa = XCConfigurationList;
			buildConfigurations = (
				CE089F3D1AC9016F00C6E5DE /* Debug */,
				CE089F3E1AC9016F00C6E5DE /* Release */,
			);
			defaultConfigurationIsVisible = 0;
			defaultConfigurationName = Release;
		};
/* End XCConfigurationList section */

/* Begin XCVersionGroup section */
		CE089F1E1AC9016F00C6E5DE /* TopologyManagement.xcdatamodeld */ = {
			isa = XCVersionGroup;
			children = (
				CE089F1F1AC9016F00C6E5DE /* TopologyManagement.xcdatamodel */,
			);
			currentVersion = CE089F1F1AC9016F00C6E5DE /* TopologyManagement.xcdatamodel */;
			path = TopologyManagement.xcdatamodeld;
			sourceTree = "<group>";
			versionGroupType = wrapper.xcdatamodel;
		};
/* End XCVersionGroup section */
	};
	rootObject = CE089F0F1AC9016F00C6E5DE /* Project object */;
}
